
Microsoft Visual Studio Solution File, Format Version 12.00
# Visual Studio 15
VisualStudioVersion = 15.0.27004.2006
MinimumVisualStudioVersion = 10.0.40219.1
Project("{FAE04EC0-301F-11D3-BF4B-00C04F79EFBC}") = "Web", "Web\Web.csproj", "{63035B52-1480-4CC1-A693-1F9B67485475}"
EndProject
Project("{FAE04EC0-301F-11D3-BF4B-00C04F79EFBC}") = "Api", "Api\Api.csproj", "{BFEB65D7-5CB7-4E0F-9A47-48167B4A31CA}"
EndProject
Project("{FAE04EC0-301F-11D3-BF4B-00C04F79EFBC}") = "Model", "Model\Model.csproj", "{BC501C9D-5B4F-4ACE-ADAE-3FB8D4E9C07C}"
EndProject
Project("{FAE04EC0-301F-11D3-BF4B-00C04F79EFBC}") = "Context", "Context\Context.csproj", "{B8352AB2-14C6-4CC1-8DD8-DD3795BC9A22}"
EndProject
Project("{FAE04EC0-301F-11D3-BF4B-00C04F79EFBC}") = "Helpers_Constants", "Helpers_Constants\Helpers_Constants.csproj", "{B4BA0EC7-B811-4649-A6B7-94050EBAA96F}"
EndProject
Global
	GlobalSection(SolutionConfigurationPlatforms) = preSolution
		Debug|Any CPU = Debug|Any CPU
		Release|Any CPU = Release|Any CPU
	EndGlobalSection
	GlobalSection(ProjectConfigurationPlatforms) = postSolution
		{63035B52-1480-4CC1-A693-1F9B67485475}.Debug|Any CPU.ActiveCfg = Debug|Any CPU
		{63035B52-1480-4CC1-A693-1F9B67485475}.Debug|Any CPU.Build.0 = Debug|Any CPU
		{63035B52-1480-4CC1-A693-1F9B67485475}.Release|Any CPU.ActiveCfg = Release|Any CPU
		{63035B52-1480-4CC1-A693-1F9B67485475}.Release|Any CPU.Build.0 = Release|Any CPU
		{BFEB65D7-5CB7-4E0F-9A47-48167B4A31CA}.Debug|Any CPU.ActiveCfg = Debug|Any CPU
		{BFEB65D7-5CB7-4E0F-9A47-48167B4A31CA}.Debug|Any CPU.Build.0 = Debug|Any CPU
		{BFEB65D7-5CB7-4E0F-9A47-48167B4A31CA}.Release|Any CPU.ActiveCfg = Release|Any CPU
		{BFEB65D7-5CB7-4E0F-9A47-48167B4A31CA}.Release|Any CPU.Build.0 = Release|Any CPU
		{BC501C9D-5B4F-4ACE-ADAE-3FB8D4E9C07C}.Debug|Any CPU.ActiveCfg = Debug|Any CPU
		{BC501C9D-5B4F-4ACE-ADAE-3FB8D4E9C07C}.Debug|Any CPU.Build.0 = Debug|Any CPU
		{BC501C9D-5B4F-4ACE-ADAE-3FB8D4E9C07C}.Release|Any CPU.ActiveCfg = Release|Any CPU
		{BC501C9D-5B4F-4ACE-ADAE-3FB8D4E9C07C}.Release|Any CPU.Build.0 = Release|Any CPU
		{B8352AB2-14C6-4CC1-8DD8-DD3795BC9A22}.Debug|Any CPU.ActiveCfg = Debug|Any CPU
		{B8352AB2-14C6-4CC1-8DD8-DD3795BC9A22}.Debug|Any CPU.Build.0 = Debug|Any CPU
		{B8352AB2-14C6-4CC1-8DD8-DD3795BC9A22}.Release|Any CPU.ActiveCfg = Release|Any CPU
		{B8352AB2-14C6-4CC1-8DD8-DD3795BC9A22}.Release|Any CPU.Build.0 = Release|Any CPU
		{B4BA0EC7-B811-4649-A6B7-94050EBAA96F}.Debug|Any CPU.ActiveCfg = Debug|Any CPU
		{B4BA0EC7-B811-4649-A6B7-94050EBAA96F}.Debug|Any CPU.Build.0 = Debug|Any CPU
		{B4BA0EC7-B811-4649-A6B7-94050EBAA96F}.Release|Any CPU.ActiveCfg = Release|Any CPU
		{B4BA0EC7-B811-4649-A6B7-94050EBAA96F}.Release|Any CPU.Build.0 = Release|Any CPU
	EndGlobalSection
	GlobalSection(SolutionProperties) = preSolution
		HideSolutionNode = FALSE
	EndGlobalSection
	GlobalSection(ExtensibilityGlobals) = postSolution
		SolutionGuid = {73B3E993-2420-4BC2-A79F-2B6E86D55175}
	EndGlobalSection
EndGlobal
